{
  "name": "cornell-info1300",
  "version": "0.4.0",
  "lockfileVersion": 2,
  "requires": true,
  "packages": {
    "": {
      "name": "cornell-info1300",
      "version": "0.4.0",
      "license": "MIT",
      "dependencies": {
        "atom-package-deps": "latest"
      },
      "engines": {
        "atom": ">=1.0.0 <2.0.0"
      }
    },
    "node_modules/atom-package-deps": {
      "version": "8.0.0",
      "resolved": "https://registry.npmjs.org/atom-package-deps/-/atom-package-deps-8.0.0.tgz",
      "integrity": "sha512-TSY6WX4+QbMK9r6iCY99hNW+9vW7SF0zGHfnMLgiinMj5VR5MNQIhU+2pVXqIbGWnl32uqBAKB+iBztUV0ssyg==",
      "bin": {
        "atom-package-deps": "lib/bin.js"
      }
    }
  },
  "dependencies": {
    "atom-package-deps": {
      "version": "8.0.0",
      "resolved": "https://registry.npmjs.org/atom-package-deps/-/atom-package-deps-8.0.0.tgz",
      "integrity": "sha512-TSY6WX4+QbMK9r6iCY99hNW+9vW7SF0zGHfnMLgiinMj5VR5MNQIhU+2pVXqIbGWnl32uqBAKB+iBztUV0ssyg=="
    }
  }
}
